
Microsoft Visual Studio Solution File, Format Version 12.00
# Visual Studio Version 17
VisualStudioVersion = 17.2.32505.173
MinimumVisualStudioVersion = 10.0.40219.1
Project("{9A19103F-16F7-4668-BE54-9A1E7A4F7556}") = "WeSign", "WeSign\WeSign.csproj", "{8ABC0777-5AC9-4216-963E-2A46F5F0A9CB}"
EndProject
Project("{9A19103F-16F7-4668-BE54-9A1E7A4F7556}") = "Common", "Common\Common.csproj", "{1541A9B0-5D7D-4F01-BF7F-09E3FE25A51E}"
EndProject
Project("{9A19103F-16F7-4668-BE54-9A1E7A4F7556}") = "DAL", "DAL\DAL.csproj", "{BB6A3D9D-E939-4B36-AFF8-EAD9DA57C4F4}"
EndProject
Project("{9A19103F-16F7-4668-BE54-9A1E7A4F7556}") = "BL", "BL\BL.csproj", "{3660AADC-90CF-4AA5-88A6-DFC698B35E3B}"
EndProject
Project("{9A19103F-16F7-4668-BE54-9A1E7A4F7556}") = "PdfHandler", "PdfHandler\PdfHandler.csproj", "{E473AD8C-2A45-4E6A-81D8-9A6819007372}"
EndProject
Project("{9A19103F-16F7-4668-BE54-9A1E7A4F7556}") = "BL.Tests", "BL.Tests\BL.Tests.csproj", "{323713C9-25FA-44E3-862E-7510ED8BFC42}"
EndProject
Project("{9A19103F-16F7-4668-BE54-9A1E7A4F7556}") = "PdfHandler.Tests", "PdfHandler.Tests\PdfHandler.Tests.csproj", "{EBA2A342-5C03-4739-89D7-AC32A3CE1CA3}"
EndProject
Project("{9A19103F-16F7-4668-BE54-9A1E7A4F7556}") = "WeSignSigner", "WeSignSigner\WeSignSigner.csproj", "{AE606237-69DE-4958-889A-36A20F4B7429}"
EndProject
Project("{9A19103F-16F7-4668-BE54-9A1E7A4F7556}") = "WeSignManagement", "WeSignManagement\WeSignManagement.csproj", "{757B9EE4-E8FE-4509-887E-50C64CBE8A0B}"
EndProject
Project("{9A19103F-16F7-4668-BE54-9A1E7A4F7556}") = "SignerBL", "SignerBL\SignerBL.csproj", "{F3B311D1-14CD-4147-8409-79B8187D4D55}"
EndProject
Project("{9A19103F-16F7-4668-BE54-9A1E7A4F7556}") = "ManagementBL", "ManagementBL\ManagementBL.csproj", "{4686D989-E41A-4408-9297-8D50F79FDABD}"
EndProject
Project("{FAE04EC0-301F-11D3-BF4B-00C04F79EFBC}") = "WeSignSetup", "WeSignSetup\WeSignSetup.csproj", "{DCD60354-E70E-49D8-99EC-819E6EE56C31}"
EndProject
Project("{9A19103F-16F7-4668-BE54-9A1E7A4F7556}") = "ManagementBL.Tests", "ManagementBL.Tests\ManagementBL.Tests.csproj", "{9363A81F-B835-4DCE-AA73-7030A9DD0059}"
EndProject
Project("{9A19103F-16F7-4668-BE54-9A1E7A4F7556}") = "Common.Tests", "Common.Tests\Common.Tests.csproj", "{729F73F9-4FB0-4832-AFAF-74A8AB0B6160}"
EndProject
Project("{9A19103F-16F7-4668-BE54-9A1E7A4F7556}") = "SignatureServiceConnector", "SignatureServiceConnector\SignatureServiceConnector.csproj", "{3230048B-39BE-4DCD-BED9-CDC6DD16AAF2}"
EndProject
Project("{FAE04EC0-301F-11D3-BF4B-00C04F79EFBC}") = "SmartCardDesktopClient", "SmartCardDesktopClient\SmartCardDesktopClient.csproj", "{357826A6-3B38-4567-B8C9-4B45B0A6DFBE}"
EndProject
Project("{9A19103F-16F7-4668-BE54-9A1E7A4F7556}") = "WSE-ADAuth", "WSE-ADAuth\WSE-ADAuth.csproj", "{BBAD2361-1D1A-420E-8559-1A192399CD5D}"
EndProject
Project("{9A19103F-16F7-4668-BE54-9A1E7A4F7556}") = "SignerBL.Tests", "SignerBL.Tests\SignerBL.Tests.csproj", "{20D3B66A-3604-49AF-877D-53EAE308199C}"
EndProject
Project("{FAE04EC0-301F-11D3-BF4B-00C04F79EFBC}") = "UserSoapService", "UserWcfService\UserSoapService.csproj", "{C51F33A9-8193-4BB8-8668-06C89BF3B1AA}"
EndProject
Project("{9A19103F-16F7-4668-BE54-9A1E7A4F7556}") = "Certificate", "Certificate\Certificate.csproj", "{A40EDFFE-6918-4A50-AFC0-E41782E6644C}"
EndProject
Project("{9A19103F-16F7-4668-BE54-9A1E7A4F7556}") = "PDFConvertorWrapper", "PDFConvertorWrapper\PDFConvertorWrapper.csproj", "{CE5A4FBC-C8B9-48C5-9DAA-73CA264B70C9}"
EndProject
Project("{9A19103F-16F7-4668-BE54-9A1E7A4F7556}") = "PdfExternalService", "PdfExternalService\PdfExternalService.csproj", "{1FA89BFE-CD99-4AE0-A116-FDE68034609F}"
EndProject
Project("{2150E333-8FDC-42A3-9474-1A3956D46DE8}") = "Solution Items", "Solution Items", "{1CE5F44F-9F72-4E7B-9C4F-F0F32F18D125}"
	ProjectSection(SolutionItems) = preProject
		Nir.txt = Nir.txt
	EndProjectSection
EndProject
Project("{9A19103F-16F7-4668-BE54-9A1E7A4F7556}") = "HistoryIntegratorService", "MongoIntegratorService\HistoryIntegratorService.csproj", "{43966298-9479-483F-9060-18E2E8328CE8}"
EndProject
Global
	GlobalSection(SolutionConfigurationPlatforms) = preSolution
		Debug|Any CPU = Debug|Any CPU
		Debug|x86 = Debug|x86
		Release|Any CPU = Release|Any CPU
		Release|x86 = Release|x86
	EndGlobalSection
	GlobalSection(ProjectConfigurationPlatforms) = postSolution
		{8ABC0777-5AC9-4216-963E-2A46F5F0A9CB}.Debug|Any CPU.ActiveCfg = Debug|Any CPU
		{8ABC0777-5AC9-4216-963E-2A46F5F0A9CB}.Debug|Any CPU.Build.0 = Debug|Any CPU
		{8ABC0777-5AC9-4216-963E-2A46F5F0A9CB}.Debug|x86.ActiveCfg = Debug|x86
		{8ABC0777-5AC9-4216-963E-2A46F5F0A9CB}.Debug|x86.Build.0 = Debug|x86
		{8ABC0777-5AC9-4216-963E-2A46F5F0A9CB}.Release|Any CPU.ActiveCfg = Release|Any CPU
		{8ABC0777-5AC9-4216-963E-2A46F5F0A9CB}.Release|Any CPU.Build.0 = Release|Any CPU
		{8ABC0777-5AC9-4216-963E-2A46F5F0A9CB}.Release|x86.ActiveCfg = Release|x86
		{8ABC0777-5AC9-4216-963E-2A46F5F0A9CB}.Release|x86.Build.0 = Release|x86
		{1541A9B0-5D7D-4F01-BF7F-09E3FE25A51E}.Debug|Any CPU.ActiveCfg = Debug|Any CPU
		{1541A9B0-5D7D-4F01-BF7F-09E3FE25A51E}.Debug|Any CPU.Build.0 = Debug|Any CPU
		{1541A9B0-5D7D-4F01-BF7F-09E3FE25A51E}.Debug|x86.ActiveCfg = Debug|Any CPU
		{1541A9B0-5D7D-4F01-BF7F-09E3FE25A51E}.Debug|x86.Build.0 = Debug|Any CPU
		{1541A9B0-5D7D-4F01-BF7F-09E3FE25A51E}.Release|Any CPU.ActiveCfg = Release|Any CPU
		{1541A9B0-5D7D-4F01-BF7F-09E3FE25A51E}.Release|Any CPU.Build.0 = Release|Any CPU
		{1541A9B0-5D7D-4F01-BF7F-09E3FE25A51E}.Release|x86.ActiveCfg = Release|Any CPU
		{1541A9B0-5D7D-4F01-BF7F-09E3FE25A51E}.Release|x86.Build.0 = Release|Any CPU
		{BB6A3D9D-E939-4B36-AFF8-EAD9DA57C4F4}.Debug|Any CPU.ActiveCfg = Debug|Any CPU
		{BB6A3D9D-E939-4B36-AFF8-EAD9DA57C4F4}.Debug|Any CPU.Build.0 = Debug|Any CPU
		{BB6A3D9D-E939-4B36-AFF8-EAD9DA57C4F4}.Debug|x86.ActiveCfg = Debug|Any CPU
		{BB6A3D9D-E939-4B36-AFF8-EAD9DA57C4F4}.Debug|x86.Build.0 = Debug|Any CPU
		{BB6A3D9D-E939-4B36-AFF8-EAD9DA57C4F4}.Release|Any CPU.ActiveCfg = Release|Any CPU
		{BB6A3D9D-E939-4B36-AFF8-EAD9DA57C4F4}.Release|Any CPU.Build.0 = Release|Any CPU
		{BB6A3D9D-E939-4B36-AFF8-EAD9DA57C4F4}.Release|x86.ActiveCfg = Release|Any CPU
		{BB6A3D9D-E939-4B36-AFF8-EAD9DA57C4F4}.Release|x86.Build.0 = Release|Any CPU
		{3660AADC-90CF-4AA5-88A6-DFC698B35E3B}.Debug|Any CPU.ActiveCfg = Debug|Any CPU
		{3660AADC-90CF-4AA5-88A6-DFC698B35E3B}.Debug|Any CPU.Build.0 = Debug|Any CPU
		{3660AADC-90CF-4AA5-88A6-DFC698B35E3B}.Debug|x86.ActiveCfg = Debug|Any CPU
		{3660AADC-90CF-4AA5-88A6-DFC698B35E3B}.Debug|x86.Build.0 = Debug|Any CPU
		{3660AADC-90CF-4AA5-88A6-DFC698B35E3B}.Release|Any CPU.ActiveCfg = Release|Any CPU
		{3660AADC-90CF-4AA5-88A6-DFC698B35E3B}.Release|Any CPU.Build.0 = Release|Any CPU
		{3660AADC-90CF-4AA5-88A6-DFC698B35E3B}.Release|x86.ActiveCfg = Release|Any CPU
		{3660AADC-90CF-4AA5-88A6-DFC698B35E3B}.Release|x86.Build.0 = Release|Any CPU
		{E473AD8C-2A45-4E6A-81D8-9A6819007372}.Debug|Any CPU.ActiveCfg = Debug|Any CPU
		{E473AD8C-2A45-4E6A-81D8-9A6819007372}.Debug|Any CPU.Build.0 = Debug|Any CPU
		{E473AD8C-2A45-4E6A-81D8-9A6819007372}.Debug|x86.ActiveCfg = Debug|x86
		{E473AD8C-2A45-4E6A-81D8-9A6819007372}.Debug|x86.Build.0 = Debug|x86
		{E473AD8C-2A45-4E6A-81D8-9A6819007372}.Release|Any CPU.ActiveCfg = Release|Any CPU
		{E473AD8C-2A45-4E6A-81D8-9A6819007372}.Release|Any CPU.Build.0 = Release|Any CPU
		{E473AD8C-2A45-4E6A-81D8-9A6819007372}.Release|x86.ActiveCfg = Release|x86
		{E473AD8C-2A45-4E6A-81D8-9A6819007372}.Release|x86.Build.0 = Release|x86
		{323713C9-25FA-44E3-862E-7510ED8BFC42}.Debug|Any CPU.ActiveCfg = Debug|Any CPU
		{323713C9-25FA-44E3-862E-7510ED8BFC42}.Debug|Any CPU.Build.0 = Debug|Any CPU
		{323713C9-25FA-44E3-862E-7510ED8BFC42}.Debug|x86.ActiveCfg = Debug|Any CPU
		{323713C9-25FA-44E3-862E-7510ED8BFC42}.Debug|x86.Build.0 = Debug|Any CPU
		{323713C9-25FA-44E3-862E-7510ED8BFC42}.Release|Any CPU.ActiveCfg = Release|Any CPU
		{323713C9-25FA-44E3-862E-7510ED8BFC42}.Release|Any CPU.Build.0 = Release|Any CPU
		{323713C9-25FA-44E3-862E-7510ED8BFC42}.Release|x86.ActiveCfg = Release|Any CPU
		{323713C9-25FA-44E3-862E-7510ED8BFC42}.Release|x86.Build.0 = Release|Any CPU
		{EBA2A342-5C03-4739-89D7-AC32A3CE1CA3}.Debug|Any CPU.ActiveCfg = Debug|Any CPU
		{EBA2A342-5C03-4739-89D7-AC32A3CE1CA3}.Debug|Any CPU.Build.0 = Debug|Any CPU
		{EBA2A342-5C03-4739-89D7-AC32A3CE1CA3}.Debug|x86.ActiveCfg = Debug|Any CPU
		{EBA2A342-5C03-4739-89D7-AC32A3CE1CA3}.Debug|x86.Build.0 = Debug|Any CPU
		{EBA2A342-5C03-4739-89D7-AC32A3CE1CA3}.Release|Any CPU.ActiveCfg = Release|Any CPU
		{EBA2A342-5C03-4739-89D7-AC32A3CE1CA3}.Release|Any CPU.Build.0 = Release|Any CPU
		{EBA2A342-5C03-4739-89D7-AC32A3CE1CA3}.Release|x86.ActiveCfg = Release|Any CPU
		{EBA2A342-5C03-4739-89D7-AC32A3CE1CA3}.Release|x86.Build.0 = Release|Any CPU
		{AE606237-69DE-4958-889A-36A20F4B7429}.Debug|Any CPU.ActiveCfg = Debug|Any CPU
		{AE606237-69DE-4958-889A-36A20F4B7429}.Debug|Any CPU.Build.0 = Debug|Any CPU
		{AE606237-69DE-4958-889A-36A20F4B7429}.Debug|x86.ActiveCfg = Debug|Any CPU
		{AE606237-69DE-4958-889A-36A20F4B7429}.Debug|x86.Build.0 = Debug|Any CPU
		{AE606237-69DE-4958-889A-36A20F4B7429}.Release|Any CPU.ActiveCfg = Release|Any CPU
		{AE606237-69DE-4958-889A-36A20F4B7429}.Release|Any CPU.Build.0 = Release|Any CPU
		{AE606237-69DE-4958-889A-36A20F4B7429}.Release|x86.ActiveCfg = Release|Any CPU
		{AE606237-69DE-4958-889A-36A20F4B7429}.Release|x86.Build.0 = Release|Any CPU
		{757B9EE4-E8FE-4509-887E-50C64CBE8A0B}.Debug|Any CPU.ActiveCfg = Debug|Any CPU
		{757B9EE4-E8FE-4509-887E-50C64CBE8A0B}.Debug|Any CPU.Build.0 = Debug|Any CPU
		{757B9EE4-E8FE-4509-887E-50C64CBE8A0B}.Debug|x86.ActiveCfg = Debug|x86
		{757B9EE4-E8FE-4509-887E-50C64CBE8A0B}.Debug|x86.Build.0 = Debug|x86
		{757B9EE4-E8FE-4509-887E-50C64CBE8A0B}.Release|Any CPU.ActiveCfg = Release|Any CPU
		{757B9EE4-E8FE-4509-887E-50C64CBE8A0B}.Release|Any CPU.Build.0 = Release|Any CPU
		{757B9EE4-E8FE-4509-887E-50C64CBE8A0B}.Release|x86.ActiveCfg = Release|x86
		{757B9EE4-E8FE-4509-887E-50C64CBE8A0B}.Release|x86.Build.0 = Release|x86
		{F3B311D1-14CD-4147-8409-79B8187D4D55}.Debug|Any CPU.ActiveCfg = Debug|Any CPU
		{F3B311D1-14CD-4147-8409-79B8187D4D55}.Debug|Any CPU.Build.0 = Debug|Any CPU
		{F3B311D1-14CD-4147-8409-79B8187D4D55}.Debug|x86.ActiveCfg = Debug|Any CPU
		{F3B311D1-14CD-4147-8409-79B8187D4D55}.Debug|x86.Build.0 = Debug|Any CPU
		{F3B311D1-14CD-4147-8409-79B8187D4D55}.Release|Any CPU.ActiveCfg = Release|Any CPU
		{F3B311D1-14CD-4147-8409-79B8187D4D55}.Release|Any CPU.Build.0 = Release|Any CPU
		{F3B311D1-14CD-4147-8409-79B8187D4D55}.Release|x86.ActiveCfg = Release|Any CPU
		{F3B311D1-14CD-4147-8409-79B8187D4D55}.Release|x86.Build.0 = Release|Any CPU
		{4686D989-E41A-4408-9297-8D50F79FDABD}.Debug|Any CPU.ActiveCfg = Debug|Any CPU
		{4686D989-E41A-4408-9297-8D50F79FDABD}.Debug|Any CPU.Build.0 = Debug|Any CPU
		{4686D989-E41A-4408-9297-8D50F79FDABD}.Debug|x86.ActiveCfg = Debug|Any CPU
		{4686D989-E41A-4408-9297-8D50F79FDABD}.Debug|x86.Build.0 = Debug|Any CPU
		{4686D989-E41A-4408-9297-8D50F79FDABD}.Release|Any CPU.ActiveCfg = Release|Any CPU
		{4686D989-E41A-4408-9297-8D50F79FDABD}.Release|Any CPU.Build.0 = Release|Any CPU
		{4686D989-E41A-4408-9297-8D50F79FDABD}.Release|x86.ActiveCfg = Release|Any CPU
		{4686D989-E41A-4408-9297-8D50F79FDABD}.Release|x86.Build.0 = Release|Any CPU
		{DCD60354-E70E-49D8-99EC-819E6EE56C31}.Debug|Any CPU.ActiveCfg = Debug|Any CPU
		{DCD60354-E70E-49D8-99EC-819E6EE56C31}.Debug|Any CPU.Build.0 = Debug|Any CPU
		{DCD60354-E70E-49D8-99EC-819E6EE56C31}.Debug|x86.ActiveCfg = Debug|Any CPU
		{DCD60354-E70E-49D8-99EC-819E6EE56C31}.Debug|x86.Build.0 = Debug|Any CPU
		{DCD60354-E70E-49D8-99EC-819E6EE56C31}.Release|Any CPU.ActiveCfg = Release|Any CPU
		{DCD60354-E70E-49D8-99EC-819E6EE56C31}.Release|Any CPU.Build.0 = Release|Any CPU
		{DCD60354-E70E-49D8-99EC-819E6EE56C31}.Release|x86.ActiveCfg = Release|Any CPU
		{DCD60354-E70E-49D8-99EC-819E6EE56C31}.Release|x86.Build.0 = Release|Any CPU
		{9363A81F-B835-4DCE-AA73-7030A9DD0059}.Debug|Any CPU.ActiveCfg = Debug|Any CPU
		{9363A81F-B835-4DCE-AA73-7030A9DD0059}.Debug|Any CPU.Build.0 = Debug|Any CPU
		{9363A81F-B835-4DCE-AA73-7030A9DD0059}.Debug|x86.ActiveCfg = Debug|Any CPU
		{9363A81F-B835-4DCE-AA73-7030A9DD0059}.Debug|x86.Build.0 = Debug|Any CPU
		{9363A81F-B835-4DCE-AA73-7030A9DD0059}.Release|Any CPU.ActiveCfg = Release|Any CPU
		{9363A81F-B835-4DCE-AA73-7030A9DD0059}.Release|Any CPU.Build.0 = Release|Any CPU
		{9363A81F-B835-4DCE-AA73-7030A9DD0059}.Release|x86.ActiveCfg = Release|Any CPU
		{9363A81F-B835-4DCE-AA73-7030A9DD0059}.Release|x86.Build.0 = Release|Any CPU
		{729F73F9-4FB0-4832-AFAF-74A8AB0B6160}.Debug|Any CPU.ActiveCfg = Debug|Any CPU
		{729F73F9-4FB0-4832-AFAF-74A8AB0B6160}.Debug|Any CPU.Build.0 = Debug|Any CPU
		{729F73F9-4FB0-4832-AFAF-74A8AB0B6160}.Debug|x86.ActiveCfg = Debug|Any CPU
		{729F73F9-4FB0-4832-AFAF-74A8AB0B6160}.Debug|x86.Build.0 = Debug|Any CPU
		{729F73F9-4FB0-4832-AFAF-74A8AB0B6160}.Release|Any CPU.ActiveCfg = Release|Any CPU
		{729F73F9-4FB0-4832-AFAF-74A8AB0B6160}.Release|Any CPU.Build.0 = Release|Any CPU
		{729F73F9-4FB0-4832-AFAF-74A8AB0B6160}.Release|x86.ActiveCfg = Release|Any CPU
		{729F73F9-4FB0-4832-AFAF-74A8AB0B6160}.Release|x86.Build.0 = Release|Any CPU
		{3230048B-39BE-4DCD-BED9-CDC6DD16AAF2}.Debug|Any CPU.ActiveCfg = Debug|Any CPU
		{3230048B-39BE-4DCD-BED9-CDC6DD16AAF2}.Debug|Any CPU.Build.0 = Debug|Any CPU
		{3230048B-39BE-4DCD-BED9-CDC6DD16AAF2}.Debug|x86.ActiveCfg = Debug|Any CPU
		{3230048B-39BE-4DCD-BED9-CDC6DD16AAF2}.Debug|x86.Build.0 = Debug|Any CPU
		{3230048B-39BE-4DCD-BED9-CDC6DD16AAF2}.Release|Any CPU.ActiveCfg = Release|Any CPU
		{3230048B-39BE-4DCD-BED9-CDC6DD16AAF2}.Release|Any CPU.Build.0 = Release|Any CPU
		{3230048B-39BE-4DCD-BED9-CDC6DD16AAF2}.Release|x86.ActiveCfg = Release|Any CPU
		{3230048B-39BE-4DCD-BED9-CDC6DD16AAF2}.Release|x86.Build.0 = Release|Any CPU
		{357826A6-3B38-4567-B8C9-4B45B0A6DFBE}.Debug|Any CPU.ActiveCfg = Debug|Any CPU
		{357826A6-3B38-4567-B8C9-4B45B0A6DFBE}.Debug|Any CPU.Build.0 = Debug|Any CPU
		{357826A6-3B38-4567-B8C9-4B45B0A6DFBE}.Debug|x86.ActiveCfg = Debug|Any CPU
		{357826A6-3B38-4567-B8C9-4B45B0A6DFBE}.Debug|x86.Build.0 = Debug|Any CPU
		{357826A6-3B38-4567-B8C9-4B45B0A6DFBE}.Release|Any CPU.ActiveCfg = Release|Any CPU
		{357826A6-3B38-4567-B8C9-4B45B0A6DFBE}.Release|Any CPU.Build.0 = Release|Any CPU
		{357826A6-3B38-4567-B8C9-4B45B0A6DFBE}.Release|x86.ActiveCfg = Release|Any CPU
		{357826A6-3B38-4567-B8C9-4B45B0A6DFBE}.Release|x86.Build.0 = Release|Any CPU
		{BBAD2361-1D1A-420E-8559-1A192399CD5D}.Debug|Any CPU.ActiveCfg = Debug|Any CPU
		{BBAD2361-1D1A-420E-8559-1A192399CD5D}.Debug|Any CPU.Build.0 = Debug|Any CPU
		{BBAD2361-1D1A-420E-8559-1A192399CD5D}.Debug|x86.ActiveCfg = Debug|Any CPU
		{BBAD2361-1D1A-420E-8559-1A192399CD5D}.Debug|x86.Build.0 = Debug|Any CPU
		{BBAD2361-1D1A-420E-8559-1A192399CD5D}.Release|Any CPU.ActiveCfg = Release|Any CPU
		{BBAD2361-1D1A-420E-8559-1A192399CD5D}.Release|Any CPU.Build.0 = Release|Any CPU
		{BBAD2361-1D1A-420E-8559-1A192399CD5D}.Release|x86.ActiveCfg = Release|Any CPU
		{BBAD2361-1D1A-420E-8559-1A192399CD5D}.Release|x86.Build.0 = Release|Any CPU
		{20D3B66A-3604-49AF-877D-53EAE308199C}.Debug|Any CPU.ActiveCfg = Debug|Any CPU
		{20D3B66A-3604-49AF-877D-53EAE308199C}.Debug|Any CPU.Build.0 = Debug|Any CPU
		{20D3B66A-3604-49AF-877D-53EAE308199C}.Debug|x86.ActiveCfg = Debug|Any CPU
		{20D3B66A-3604-49AF-877D-53EAE308199C}.Debug|x86.Build.0 = Debug|Any CPU
		{20D3B66A-3604-49AF-877D-53EAE308199C}.Release|Any CPU.ActiveCfg = Release|Any CPU
		{20D3B66A-3604-49AF-877D-53EAE308199C}.Release|Any CPU.Build.0 = Release|Any CPU
		{20D3B66A-3604-49AF-877D-53EAE308199C}.Release|x86.ActiveCfg = Release|Any CPU
		{20D3B66A-3604-49AF-877D-53EAE308199C}.Release|x86.Build.0 = Release|Any CPU
		{C51F33A9-8193-4BB8-8668-06C89BF3B1AA}.Debug|Any CPU.ActiveCfg = Debug|Any CPU
		{C51F33A9-8193-4BB8-8668-06C89BF3B1AA}.Debug|Any CPU.Build.0 = Debug|Any CPU
		{C51F33A9-8193-4BB8-8668-06C89BF3B1AA}.Debug|x86.ActiveCfg = Debug|Any CPU
		{C51F33A9-8193-4BB8-8668-06C89BF3B1AA}.Debug|x86.Build.0 = Debug|Any CPU
		{C51F33A9-8193-4BB8-8668-06C89BF3B1AA}.Release|Any CPU.ActiveCfg = Release|Any CPU
		{C51F33A9-8193-4BB8-8668-06C89BF3B1AA}.Release|Any CPU.Build.0 = Release|Any CPU
		{C51F33A9-8193-4BB8-8668-06C89BF3B1AA}.Release|x86.ActiveCfg = Release|Any CPU
		{C51F33A9-8193-4BB8-8668-06C89BF3B1AA}.Release|x86.Build.0 = Release|Any CPU
		{A40EDFFE-6918-4A50-AFC0-E41782E6644C}.Debug|Any CPU.ActiveCfg = Debug|Any CPU
		{A40EDFFE-6918-4A50-AFC0-E41782E6644C}.Debug|Any CPU.Build.0 = Debug|Any CPU
		{A40EDFFE-6918-4A50-AFC0-E41782E6644C}.Debug|x86.ActiveCfg = Debug|Any CPU
		{A40EDFFE-6918-4A50-AFC0-E41782E6644C}.Debug|x86.Build.0 = Debug|Any CPU
		{A40EDFFE-6918-4A50-AFC0-E41782E6644C}.Release|Any CPU.ActiveCfg = Release|Any CPU
		{A40EDFFE-6918-4A50-AFC0-E41782E6644C}.Release|Any CPU.Build.0 = Release|Any CPU
		{A40EDFFE-6918-4A50-AFC0-E41782E6644C}.Release|x86.ActiveCfg = Release|Any CPU
		{A40EDFFE-6918-4A50-AFC0-E41782E6644C}.Release|x86.Build.0 = Release|Any CPU
		{CE5A4FBC-C8B9-48C5-9DAA-73CA264B70C9}.Debug|Any CPU.ActiveCfg = Debug|Any CPU
		{CE5A4FBC-C8B9-48C5-9DAA-73CA264B70C9}.Debug|Any CPU.Build.0 = Debug|Any CPU
		{CE5A4FBC-C8B9-48C5-9DAA-73CA264B70C9}.Debug|x86.ActiveCfg = Debug|Any CPU
		{CE5A4FBC-C8B9-48C5-9DAA-73CA264B70C9}.Debug|x86.Build.0 = Debug|Any CPU
		{CE5A4FBC-C8B9-48C5-9DAA-73CA264B70C9}.Release|Any CPU.ActiveCfg = Release|Any CPU
		{CE5A4FBC-C8B9-48C5-9DAA-73CA264B70C9}.Release|Any CPU.Build.0 = Release|Any CPU
		{CE5A4FBC-C8B9-48C5-9DAA-73CA264B70C9}.Release|x86.ActiveCfg = Release|Any CPU
		{CE5A4FBC-C8B9-48C5-9DAA-73CA264B70C9}.Release|x86.Build.0 = Release|Any CPU
		{1FA89BFE-CD99-4AE0-A116-FDE68034609F}.Debug|Any CPU.ActiveCfg = Debug|Any CPU
		{1FA89BFE-CD99-4AE0-A116-FDE68034609F}.Debug|Any CPU.Build.0 = Debug|Any CPU
		{1FA89BFE-CD99-4AE0-A116-FDE68034609F}.Debug|x86.ActiveCfg = Debug|Any CPU
		{1FA89BFE-CD99-4AE0-A116-FDE68034609F}.Debug|x86.Build.0 = Debug|Any CPU
		{1FA89BFE-CD99-4AE0-A116-FDE68034609F}.Release|Any CPU.ActiveCfg = Release|Any CPU
		{1FA89BFE-CD99-4AE0-A116-FDE68034609F}.Release|Any CPU.Build.0 = Release|Any CPU
		{1FA89BFE-CD99-4AE0-A116-FDE68034609F}.Release|x86.ActiveCfg = Release|Any CPU
		{1FA89BFE-CD99-4AE0-A116-FDE68034609F}.Release|x86.Build.0 = Release|Any CPU
		{43966298-9479-483F-9060-18E2E8328CE8}.Debug|Any CPU.ActiveCfg = Debug|Any CPU
		{43966298-9479-483F-9060-18E2E8328CE8}.Debug|Any CPU.Build.0 = Debug|Any CPU
		{43966298-9479-483F-9060-18E2E8328CE8}.Debug|x86.ActiveCfg = Debug|Any CPU
		{43966298-9479-483F-9060-18E2E8328CE8}.Debug|x86.Build.0 = Debug|Any CPU
		{43966298-9479-483F-9060-18E2E8328CE8}.Release|Any CPU.ActiveCfg = Release|Any CPU
		{43966298-9479-483F-9060-18E2E8328CE8}.Release|Any CPU.Build.0 = Release|Any CPU
		{43966298-9479-483F-9060-18E2E8328CE8}.Release|x86.ActiveCfg = Release|Any CPU
		{43966298-9479-483F-9060-18E2E8328CE8}.Release|x86.Build.0 = Release|Any CPU
	EndGlobalSection
	GlobalSection(SolutionProperties) = preSolution
		HideSolutionNode = FALSE
	EndGlobalSection
	GlobalSection(ExtensibilityGlobals) = postSolution
		SolutionGuid = {8F084A2C-BE87-4063-A3AC-98285F495D89}
	EndGlobalSection
EndGlobal
